version: 2.0
shards:
  clim:
    git: https://github.com/at-grandpa/clim.git
    version: 0.17.1

  cor:
    git: https://github.com/watzon/cor.git
    version: 0.1.0+git.commit.9c9e51ac6168f3bd4fdc51d679b65de09ef76cac

  diff:
    git: https://github.com/watzon/diff.git
    version: 0.1.0+git.commit.1917527708e833b197a6bb90c02744bca46df883

  geode:
    git: https://github.com/willhbr/geode.git
    version: 0.1.0+git.commit.ca5d3362f0af0d10e0ff2e8dce3653aa90a74307

